
Microsoft Visual Studio Solution File, Format Version 12.00
# Visual Studio 14
VisualStudioVersion = 14.0.25420.1
MinimumVisualStudioVersion = 10.0.40219.1
Project("{FAE04EC0-301F-11D3-BF4B-00C04F79EFBC}") = "FATEK PLC COMMUNICATION", "FATEK PLC COMMUNICATION\FATEK PLC COMMUNICATION.csproj", "{34C8266B-D6E1-485F-9121-EEFEBC3DDCDD}"
EndProject
Project("{FAE04EC0-301F-11D3-BF4B-00C04F79EFBC}") = "FATEK PLC COMMUNICATION CORE", "FATEK PLC COMMUNICATION CORE\FATEK PLC COMMUNICATION CORE.csproj", "{14D92E5C-3AE0-4525-9069-BCF568C002F1}"
EndProject
Global
	GlobalSection(SolutionConfigurationPlatforms) = preSolution
		Debug|Any CPU = Debug|Any CPU
		Release|Any CPU = Release|Any CPU
	EndGlobalSection
	GlobalSection(ProjectConfigurationPlatforms) = postSolution
		{34C8266B-D6E1-485F-9121-EEFEBC3DDCDD}.Debug|Any CPU.ActiveCfg = Debug|Any CPU
		{34C8266B-D6E1-485F-9121-EEFEBC3DDCDD}.Debug|Any CPU.Build.0 = Debug|Any CPU
		{34C8266B-D6E1-485F-9121-EEFEBC3DDCDD}.Release|Any CPU.ActiveCfg = Release|Any CPU
		{34C8266B-D6E1-485F-9121-EEFEBC3DDCDD}.Release|Any CPU.Build.0 = Release|Any CPU
		{14D92E5C-3AE0-4525-9069-BCF568C002F1}.Debug|Any CPU.ActiveCfg = Debug|Any CPU
		{14D92E5C-3AE0-4525-9069-BCF568C002F1}.Debug|Any CPU.Build.0 = Debug|Any CPU
		{14D92E5C-3AE0-4525-9069-BCF568C002F1}.Release|Any CPU.ActiveCfg = Release|Any CPU
		{14D92E5C-3AE0-4525-9069-BCF568C002F1}.Release|Any CPU.Build.0 = Release|Any CPU
	EndGlobalSection
	GlobalSection(SolutionProperties) = preSolution
		HideSolutionNode = FALSE
	EndGlobalSection
EndGlobal
